
Microsoft Visual Studio Solution File, Format Version 12.00
# Visual Studio 15
VisualStudioVersion = 15.0.28307.136
MinimumVisualStudioVersion = 10.0.40219.1
Project("{FAE04EC0-301F-11D3-BF4B-00C04F79EFBC}") = "Proj3API.App", "Proj3API\Proj3API.App.csproj", "{25B3DB94-6A30-4997-9DCD-556D602CB931}"
EndProject
Project("{FAE04EC0-301F-11D3-BF4B-00C04F79EFBC}") = "Proj3API.DataAccess", "Proj3API.DataAccess\Proj3API.DataAccess.csproj", "{E7985B66-2DCF-498A-838A-85703836ED71}"
EndProject
Project("{FAE04EC0-301F-11D3-BF4B-00C04F79EFBC}") = "Proj3API.Testing", "Proj3API.Testing\Proj3API.Testing.csproj", "{1634246D-5772-4CE9-8700-F5EBCA2D726A}"
EndProject
Global
	GlobalSection(SolutionConfigurationPlatforms) = preSolution
		Debug|Any CPU = Debug|Any CPU
		Release|Any CPU = Release|Any CPU
	EndGlobalSection
	GlobalSection(ProjectConfigurationPlatforms) = postSolution
		{25B3DB94-6A30-4997-9DCD-556D602CB931}.Debug|Any CPU.ActiveCfg = Debug|Any CPU
		{25B3DB94-6A30-4997-9DCD-556D602CB931}.Debug|Any CPU.Build.0 = Debug|Any CPU
		{25B3DB94-6A30-4997-9DCD-556D602CB931}.Release|Any CPU.ActiveCfg = Release|Any CPU
		{25B3DB94-6A30-4997-9DCD-556D602CB931}.Release|Any CPU.Build.0 = Release|Any CPU
		{E7985B66-2DCF-498A-838A-85703836ED71}.Debug|Any CPU.ActiveCfg = Debug|Any CPU
		{E7985B66-2DCF-498A-838A-85703836ED71}.Debug|Any CPU.Build.0 = Debug|Any CPU
		{E7985B66-2DCF-498A-838A-85703836ED71}.Release|Any CPU.ActiveCfg = Release|Any CPU
		{E7985B66-2DCF-498A-838A-85703836ED71}.Release|Any CPU.Build.0 = Release|Any CPU
		{1634246D-5772-4CE9-8700-F5EBCA2D726A}.Debug|Any CPU.ActiveCfg = Debug|Any CPU
		{1634246D-5772-4CE9-8700-F5EBCA2D726A}.Debug|Any CPU.Build.0 = Debug|Any CPU
		{1634246D-5772-4CE9-8700-F5EBCA2D726A}.Release|Any CPU.ActiveCfg = Release|Any CPU
		{1634246D-5772-4CE9-8700-F5EBCA2D726A}.Release|Any CPU.Build.0 = Release|Any CPU
	EndGlobalSection
	GlobalSection(SolutionProperties) = preSolution
		HideSolutionNode = FALSE
	EndGlobalSection
	GlobalSection(ExtensibilityGlobals) = postSolution
		SolutionGuid = {8E8DEE1F-6D78-4761-80A1-591060D3B776}
	EndGlobalSection
EndGlobal
